
Microsoft Visual Studio Solution File, Format Version 12.00
# Visual Studio for Mac
Project("{FAE04EC0-301F-11D3-BF4B-00C04F79EFBC}") = "BladePade", "Assembly-CSharp.csproj", "{952C13CE-80C9-3899-E698-C96B04048146}"
EndProject
Project("{FAE04EC0-301F-11D3-BF4B-00C04F79EFBC}") = "BladePade", "Assembly-CSharp-Editor.csproj", "{12269D8A-45D5-F1D9-630F-41AD18A2A702}"
EndProject
Global
	GlobalSection(SolutionConfigurationPlatforms) = preSolution
		Debug|Any CPU = Debug|Any CPU
		Release|Any CPU = Release|Any CPU
	EndGlobalSection
	GlobalSection(ProjectConfigurationPlatforms) = postSolution
		{952C13CE-80C9-3899-E698-C96B04048146}.Debug|Any CPU.ActiveCfg = Debug|Any CPU
		{952C13CE-80C9-3899-E698-C96B04048146}.Debug|Any CPU.Build.0 = Debug|Any CPU
		{952C13CE-80C9-3899-E698-C96B04048146}.Release|Any CPU.ActiveCfg = Release|Any CPU
		{952C13CE-80C9-3899-E698-C96B04048146}.Release|Any CPU.Build.0 = Release|Any CPU
		{12269D8A-45D5-F1D9-630F-41AD18A2A702}.Debug|Any CPU.ActiveCfg = Debug|Any CPU
		{12269D8A-45D5-F1D9-630F-41AD18A2A702}.Debug|Any CPU.Build.0 = Debug|Any CPU
		{12269D8A-45D5-F1D9-630F-41AD18A2A702}.Release|Any CPU.ActiveCfg = Release|Any CPU
		{12269D8A-45D5-F1D9-630F-41AD18A2A702}.Release|Any CPU.Build.0 = Release|Any CPU
	EndGlobalSection
	GlobalSection(SolutionProperties) = preSolution
		HideSolutionNode = FALSE
	EndGlobalSection
EndGlobal
